// !$*UTF8*$!
{
	archiveVersion = 1;
	classes = {
	};
	objectVersion = 55;
	objects = {

/* Begin PBXBuildFile section */
		C461CB73298044E3007F360A /* DetailCollectionViewCell.swift in Sources */ = {isa = PBXBuildFile; fileRef = C461CB72298044E3007F360A /* DetailCollectionViewCell.swift */; };
		C461CB7529805F54007F360A /* DetailCollectionViewCell.xib in Resources */ = {isa = PBXBuildFile; fileRef = C461CB7429805F54007F360A /* DetailCollectionViewCell.xib */; };
		C461CB782980691E007F360A /* WebService.swift in Sources */ = {isa = PBXBuildFile; fileRef = C461CB772980691E007F360A /* WebService.swift */; };
		C461CB7A29806944007F360A /* SearchResultModel.swift in Sources */ = {isa = PBXBuildFile; fileRef = C461CB7929806944007F360A /* SearchResultModel.swift */; };
		C461CB7D29806ED6007F360A /* SynonymResultModel.swift in Sources */ = {isa = PBXBuildFile; fileRef = C461CB7C29806ED6007F360A /* SynonymResultModel.swift */; };
		C461CB8129806F74007F360A /* SearchViewModel.swift in Sources */ = {isa = PBXBuildFile; fileRef = C461CB8029806F74007F360A /* SearchViewModel.swift */; };
		C461CB83298077A7007F360A /* DetailListViewModel.swift in Sources */ = {isa = PBXBuildFile; fileRef = C461CB82298077A7007F360A /* DetailListViewModel.swift */; };
		C461CB8529808E51007F360A /* SynonymListModel.swift in Sources */ = {isa = PBXBuildFile; fileRef = C461CB8429808E51007F360A /* SynonymListModel.swift */; };
		C4A199C3297EF26600EAA026 /* AppDelegate.swift in Sources */ = {isa = PBXBuildFile; fileRef = C4A199C2297EF26600EAA026 /* AppDelegate.swift */; };
		C4A199C5297EF26600EAA026 /* SceneDelegate.swift in Sources */ = {isa = PBXBuildFile; fileRef = C4A199C4297EF26600EAA026 /* SceneDelegate.swift */; };
		C4A199C7297EF26600EAA026 /* SearchViewController.swift in Sources */ = {isa = PBXBuildFile; fileRef = C4A199C6297EF26600EAA026 /* SearchViewController.swift */; };
		C4A199CA297EF26600EAA026 /* Main.storyboard in Resources */ = {isa = PBXBuildFile; fileRef = C4A199C8297EF26600EAA026 /* Main.storyboard */; };
		C4A199CC297EF26600EAA026 /* Assets.xcassets in Resources */ = {isa = PBXBuildFile; fileRef = C4A199CB297EF26600EAA026 /* Assets.xcassets */; };
		C4A199CF297EF26600EAA026 /* LaunchScreen.storyboard in Resources */ = {isa = PBXBuildFile; fileRef = C4A199CD297EF26600EAA026 /* LaunchScreen.storyboard */; };
		C4A199D7297F046600EAA026 /* RecentSearchTableViewCell.swift in Sources */ = {isa = PBXBuildFile; fileRef = C4A199D6297F046600EAA026 /* RecentSearchTableViewCell.swift */; };
		C4A199D9297F267D00EAA026 /* DetailViewController.swift in Sources */ = {isa = PBXBuildFile; fileRef = C4A199D8297F267D00EAA026 /* DetailViewController.swift */; };
		C4F8651F297FB586008F1552 /* DetailTableFooterView.swift in Sources */ = {isa = PBXBuildFile; fileRef = C4F8651E297FB586008F1552 /* DetailTableFooterView.swift */; };
		C4F86521297FB5AB008F1552 /* DetailTableHeaderView.swift in Sources */ = {isa = PBXBuildFile; fileRef = C4F86520297FB5AB008F1552 /* DetailTableHeaderView.swift */; };
		C4F86524297FB6BE008F1552 /* DetailTableHeaderView.xib in Resources */ = {isa = PBXBuildFile; fileRef = C4F86523297FB6BE008F1552 /* DetailTableHeaderView.xib */; };
		C4F86526297FB961008F1552 /* DetailTableFooterView.xib in Resources */ = {isa = PBXBuildFile; fileRef = C4F86525297FB961008F1552 /* DetailTableFooterView.xib */; };
		C4F86529297FC0C1008F1552 /* FooterCollectionViewCell.xib in Resources */ = {isa = PBXBuildFile; fileRef = C4F86528297FC0C1008F1552 /* FooterCollectionViewCell.xib */; };
		C4F8652B297FC170008F1552 /* FooterCollectionViewCell.swift in Sources */ = {isa = PBXBuildFile; fileRef = C4F8652A297FC170008F1552 /* FooterCollectionViewCell.swift */; };
		C4F86531297FEDF5008F1552 /* HeaderDismissFilterCell.swift in Sources */ = {isa = PBXBuildFile; fileRef = C4F86530297FEDF5008F1552 /* HeaderDismissFilterCell.swift */; };
		C4F86533297FEE12008F1552 /* HeaderDismissFilterCell.xib in Resources */ = {isa = PBXBuildFile; fileRef = C4F86532297FEE12008F1552 /* HeaderDismissFilterCell.xib */; };
		C4FB1DCF298187AF00E09364 /* Optional+Extension.swift in Sources */ = {isa = PBXBuildFile; fileRef = C4FB1DCE298187AF00E09364 /* Optional+Extension.swift */; };
		C4FB1DD229818A1200E09364 /* UIViewController+Extension.swift in Sources */ = {isa = PBXBuildFile; fileRef = C4FB1DD129818A1200E09364 /* UIViewController+Extension.swift */; };
		C4FB1DD42981B6B000E09364 /* ApiConstants.swift in Sources */ = {isa = PBXBuildFile; fileRef = C4FB1DD32981B6B000E09364 /* ApiConstants.swift */; };
		C4FB1DD72981B78300E09364 /* CollectionViewHeightHelper.swift in Sources */ = {isa = PBXBuildFile; fileRef = C4FB1DD62981B78300E09364 /* CollectionViewHeightHelper.swift */; };
		C4FB1DD92981B88500E09364 /* DetailHeaderViewModel.swift in Sources */ = {isa = PBXBuildFile; fileRef = C4FB1DD82981B88500E09364 /* DetailHeaderViewModel.swift */; };
		C4FB1DDB2981B93500E09364 /* DetailCollectionCellViewModel.swift in Sources */ = {isa = PBXBuildFile; fileRef = C4FB1DDA2981B93500E09364 /* DetailCollectionCellViewModel.swift */; };
/* End PBXBuildFile section */

/* Begin PBXFileReference section */
		C461CB72298044E3007F360A /* DetailCollectionViewCell.swift */ = {isa = PBXFileReference; lastKnownFileType = sourcecode.swift; path = DetailCollectionViewCell.swift; sourceTree = "<group>"; };
		C461CB7429805F54007F360A /* DetailCollectionViewCell.xib */ = {isa = PBXFileReference; lastKnownFileType = file.xib; path = DetailCollectionViewCell.xib; sourceTree = "<group>"; };
		C461CB772980691E007F360A /* WebService.swift */ = {isa = PBXFileReference; lastKnownFileType = sourcecode.swift; path = WebService.swift; sourceTree = "<group>"; };
		C461CB7929806944007F360A /* SearchResultModel.swift */ = {isa = PBXFileReference; lastKnownFileType = sourcecode.swift; path = SearchResultModel.swift; sourceTree = "<group>"; };
		C461CB7C29806ED6007F360A /* SynonymResultModel.swift */ = {isa = PBXFileReference; lastKnownFileType = sourcecode.swift; path = SynonymResultModel.swift; sourceTree = "<group>"; };
		C461CB8029806F74007F360A /* SearchViewModel.swift */ = {isa = PBXFileReference; lastKnownFileType = sourcecode.swift; path = SearchViewModel.swift; sourceTree = "<group>"; };
		C461CB82298077A7007F360A /* DetailListViewModel.swift */ = {isa = PBXFileReference; lastKnownFileType = sourcecode.swift; path = DetailListViewModel.swift; sourceTree = "<group>"; };
		C461CB8429808E51007F360A /* SynonymListModel.swift */ = {isa = PBXFileReference; lastKnownFileType = sourcecode.swift; path = SynonymListModel.swift; sourceTree = "<group>"; };
		C4A199BF297EF26600EAA026 /* Dictionary-SezginCiftci.app */ = {isa = PBXFileReference; explicitFileType = wrapper.application; includeInIndex = 0; path = "Dictionary-SezginCiftci.app"; sourceTree = BUILT_PRODUCTS_DIR; };
		C4A199C2297EF26600EAA026 /* AppDelegate.swift */ = {isa = PBXFileReference; lastKnownFileType = sourcecode.swift; path = AppDelegate.swift; sourceTree = "<group>"; };
		C4A199C4297EF26600EAA026 /* SceneDelegate.swift */ = {isa = PBXFileReference; lastKnownFileType = sourcecode.swift; path = SceneDelegate.swift; sourceTree = "<group>"; };
		C4A199C6297EF26600EAA026 /* SearchViewController.swift */ = {isa = PBXFileReference; lastKnownFileType = sourcecode.swift; path = SearchViewController.swift; sourceTree = "<group>"; };
		C4A199C9297EF26600EAA026 /* Base */ = {isa = PBXFileReference; lastKnownFileType = file.storyboard; name = Base; path = Base.lproj/Main.storyboard; sourceTree = "<group>"; };
		C4A199CB297EF26600EAA026 /* Assets.xcassets */ = {isa = PBXFileReference; lastKnownFileType = folder.assetcatalog; path = Assets.xcassets; sourceTree = "<group>"; };
		C4A199CE297EF26600EAA026 /* Base */ = {isa = PBXFileReference; lastKnownFileType = file.storyboard; name = Base; path = Base.lproj/LaunchScreen.storyboard; sourceTree = "<group>"; };
		C4A199D0297EF26600EAA026 /* Info.plist */ = {isa = PBXFileReference; lastKnownFileType = text.plist.xml; path = Info.plist; sourceTree = "<group>"; };
		C4A199D6297F046600EAA026 /* RecentSearchTableViewCell.swift */ = {isa = PBXFileReference; lastKnownFileType = sourcecode.swift; path = RecentSearchTableViewCell.swift; sourceTree = "<group>"; };
		C4A199D8297F267D00EAA026 /* DetailViewController.swift */ = {isa = PBXFileReference; lastKnownFileType = sourcecode.swift; path = DetailViewController.swift; sourceTree = "<group>"; };
		C4F8651E297FB586008F1552 /* DetailTableFooterView.swift */ = {isa = PBXFileReference; lastKnownFileType = sourcecode.swift; path = DetailTableFooterView.swift; sourceTree = "<group>"; };
		C4F86520297FB5AB008F1552 /* DetailTableHeaderView.swift */ = {isa = PBXFileReference; lastKnownFileType = sourcecode.swift; path = DetailTableHeaderView.swift; sourceTree = "<group>"; };
		C4F86523297FB6BE008F1552 /* DetailTableHeaderView.xib */ = {isa = PBXFileReference; lastKnownFileType = file.xib; path = DetailTableHeaderView.xib; sourceTree = "<group>"; };
		C4F86525297FB961008F1552 /* DetailTableFooterView.xib */ = {isa = PBXFileReference; lastKnownFileType = file.xib; path = DetailTableFooterView.xib; sourceTree = "<group>"; };
		C4F86528297FC0C1008F1552 /* FooterCollectionViewCell.xib */ = {isa = PBXFileReference; lastKnownFileType = file.xib; path = FooterCollectionViewCell.xib; sourceTree = "<group>"; };
		C4F8652A297FC170008F1552 /* FooterCollectionViewCell.swift */ = {isa = PBXFileReference; lastKnownFileType = sourcecode.swift; path = FooterCollectionViewCell.swift; sourceTree = "<group>"; };
		C4F86530297FEDF5008F1552 /* HeaderDismissFilterCell.swift */ = {isa = PBXFileReference; lastKnownFileType = sourcecode.swift; path = HeaderDismissFilterCell.swift; sourceTree = "<group>"; };
		C4F86532297FEE12008F1552 /* HeaderDismissFilterCell.xib */ = {isa = PBXFileReference; lastKnownFileType = file.xib; path = HeaderDismissFilterCell.xib; sourceTree = "<group>"; };
		C4FB1DCE298187AF00E09364 /* Optional+Extension.swift */ = {isa = PBXFileReference; lastKnownFileType = sourcecode.swift; path = "Optional+Extension.swift"; sourceTree = "<group>"; };
		C4FB1DD129818A1200E09364 /* UIViewController+Extension.swift */ = {isa = PBXFileReference; lastKnownFileType = sourcecode.swift; path = "UIViewController+Extension.swift"; sourceTree = "<group>"; };
		C4FB1DD32981B6B000E09364 /* ApiConstants.swift */ = {isa = PBXFileReference; lastKnownFileType = sourcecode.swift; path = ApiConstants.swift; sourceTree = "<group>"; };
		C4FB1DD62981B78300E09364 /* CollectionViewHeightHelper.swift */ = {isa = PBXFileReference; lastKnownFileType = sourcecode.swift; path = CollectionViewHeightHelper.swift; sourceTree = "<group>"; };
		C4FB1DD82981B88500E09364 /* DetailHeaderViewModel.swift */ = {isa = PBXFileReference; lastKnownFileType = sourcecode.swift; path = DetailHeaderViewModel.swift; sourceTree = "<group>"; };
		C4FB1DDA2981B93500E09364 /* DetailCollectionCellViewModel.swift */ = {isa = PBXFileReference; lastKnownFileType = sourcecode.swift; path = DetailCollectionCellViewModel.swift; sourceTree = "<group>"; };
/* End PBXFileReference section */

/* Begin PBXFrameworksBuildPhase section */
		C4A199BC297EF26600EAA026 /* Frameworks */ = {
			isa = PBXFrameworksBuildPhase;
			buildActionMask = 2147483647;
			files = (
			);
			runOnlyForDeploymentPostprocessing = 0;
		};
/* End PBXFrameworksBuildPhase section */

/* Begin PBXGroup section */
		C461CB7629806907007F360A /* WebService */ = {
			isa = PBXGroup;
			children = (
				C461CB772980691E007F360A /* WebService.swift */,
			);
			name = WebService;
			sourceTree = "<group>";
		};
		C461CB7B2980694A007F360A /* Model */ = {
			isa = PBXGroup;
			children = (
				C461CB7929806944007F360A /* SearchResultModel.swift */,
				C461CB7C29806ED6007F360A /* SynonymResultModel.swift */,
			);
			path = Model;
			sourceTree = "<group>";
		};
		C461CB7F29806F32007F360A /* ViewModel */ = {
			isa = PBXGroup;
			children = (
				C461CB8029806F74007F360A /* SearchViewModel.swift */,
				C461CB82298077A7007F360A /* DetailListViewModel.swift */,
				C4FB1DDA2981B93500E09364 /* DetailCollectionCellViewModel.swift */,
				C4FB1DD82981B88500E09364 /* DetailHeaderViewModel.swift */,
				C461CB8429808E51007F360A /* SynonymListModel.swift */,
			);
			name = ViewModel;
			sourceTree = "<group>";
		};
		C49716B7297FFE2A005FFFF6 /* DetailTableHeaderView */ = {
			isa = PBXGroup;
			children = (
				C49716B8297FFE49005FFFF6 /* HeaderViewCell */,
				C4F86520297FB5AB008F1552 /* DetailTableHeaderView.swift */,
				C4F86523297FB6BE008F1552 /* DetailTableHeaderView.xib */,
			);
			path = DetailTableHeaderView;
			sourceTree = "<group>";
		};
		C49716B8297FFE49005FFFF6 /* HeaderViewCell */ = {
			isa = PBXGroup;
			children = (
				C4F86530297FEDF5008F1552 /* HeaderDismissFilterCell.swift */,
				C4F86532297FEE12008F1552 /* HeaderDismissFilterCell.xib */,
			);
			path = HeaderViewCell;
			sourceTree = "<group>";
		};
		C49716B9297FFE61005FFFF6 /* FooterViewCell */ = {
			isa = PBXGroup;
			children = (
				C4F8652A297FC170008F1552 /* FooterCollectionViewCell.swift */,
				C4F86528297FC0C1008F1552 /* FooterCollectionViewCell.xib */,
			);
			path = FooterViewCell;
			sourceTree = "<group>";
		};
		C49716BA297FFE70005FFFF6 /* DetailTableFooterView */ = {
			isa = PBXGroup;
			children = (
				C49716B9297FFE61005FFFF6 /* FooterViewCell */,
				C4F8651E297FB586008F1552 /* DetailTableFooterView.swift */,
				C4F86525297FB961008F1552 /* DetailTableFooterView.xib */,
			);
			path = DetailTableFooterView;
			sourceTree = "<group>";
		};
		C4A199B6297EF26600EAA026 = {
			isa = PBXGroup;
			children = (
				C4A199C1297EF26600EAA026 /* Dictionary-SezginCiftci */,
				C4A199C0297EF26600EAA026 /* Products */,
			);
			sourceTree = "<group>";
		};
		C4A199C0297EF26600EAA026 /* Products */ = {
			isa = PBXGroup;
			children = (
				C4A199BF297EF26600EAA026 /* Dictionary-SezginCiftci.app */,
			);
			name = Products;
			sourceTree = "<group>";
		};
		C4A199C1297EF26600EAA026 /* Dictionary-SezginCiftci */ = {
			isa = PBXGroup;
			children = (
				C4FB1DD0298187B300E09364 /* Extensions */,
				C461CB7B2980694A007F360A /* Model */,
				C4FB1DD52981B6B500E09364 /* Helper */,
				C461CB7629806907007F360A /* WebService */,
				C461CB7F29806F32007F360A /* ViewModel */,
				C4F8651C297FB46F008F1552 /* View */,
				C4A199C8297EF26600EAA026 /* Main.storyboard */,
				C4A199CD297EF26600EAA026 /* LaunchScreen.storyboard */,
				C4A199C2297EF26600EAA026 /* AppDelegate.swift */,
				C4A199C4297EF26600EAA026 /* SceneDelegate.swift */,
				C4A199CB297EF26600EAA026 /* Assets.xcassets */,
				C4A199D0297EF26600EAA026 /* Info.plist */,
			);
			path = "Dictionary-SezginCiftci";
			sourceTree = "<group>";
		};
		C4F8651C297FB46F008F1552 /* View */ = {
			isa = PBXGroup;
			children = (
				C4FB1DDD2981BB1E00E09364 /* SearchView */,
				C4F86522297FB5CD008F1552 /* DetailView */,
			);
			path = View;
			sourceTree = "<group>";
		};
		C4F8651D297FB488008F1552 /* RecentSearchTableViewCell */ = {
			isa = PBXGroup;
			children = (
				C4A199D6297F046600EAA026 /* RecentSearchTableViewCell.swift */,
			);
			path = RecentSearchTableViewCell;
			sourceTree = "<group>";
		};
		C4F86522297FB5CD008F1552 /* DetailView */ = {
			isa = PBXGroup;
			children = (
				C4A199D8297F267D00EAA026 /* DetailViewController.swift */,
				C4FB1DDC2981BB1600E09364 /* DetailCollectionViewCell */,
				C49716B7297FFE2A005FFFF6 /* DetailTableHeaderView */,
				C49716BA297FFE70005FFFF6 /* DetailTableFooterView */,
			);
			path = DetailView;
			sourceTree = "<group>";
		};
		C4FB1DD0298187B300E09364 /* Extensions */ = {
			isa = PBXGroup;
			children = (
				C4FB1DCE298187AF00E09364 /* Optional+Extension.swift */,
				C4FB1DD129818A1200E09364 /* UIViewController+Extension.swift */,
			);
			path = Extensions;
			sourceTree = "<group>";
		};
		C4FB1DD52981B6B500E09364 /* Helper */ = {
			isa = PBXGroup;
			children = (
				C4FB1DD32981B6B000E09364 /* ApiConstants.swift */,
				C4FB1DD62981B78300E09364 /* CollectionViewHeightHelper.swift */,
			);
			name = Helper;
			sourceTree = "<group>";
		};
		C4FB1DDC2981BB1600E09364 /* DetailCollectionViewCell */ = {
			isa = PBXGroup;
			children = (
				C461CB72298044E3007F360A /* DetailCollectionViewCell.swift */,
				C461CB7429805F54007F360A /* DetailCollectionViewCell.xib */,
			);
			path = DetailCollectionViewCell;
			sourceTree = "<group>";
		};
		C4FB1DDD2981BB1E00E09364 /* SearchView */ = {
			isa = PBXGroup;
			children = (
				C4A199C6297EF26600EAA026 /* SearchViewController.swift */,
				C4F8651D297FB488008F1552 /* RecentSearchTableViewCell */,
			);
			path = SearchView;
			sourceTree = "<group>";
		};
/* End PBXGroup section */

/* Begin PBXNativeTarget section */
		C4A199BE297EF26600EAA026 /* Dictionary-SezginCiftci */ = {
			isa = PBXNativeTarget;
			buildConfigurationList = C4A199D3297EF26600EAA026 /* Build configuration list for PBXNativeTarget "Dictionary-SezginCiftci" */;
			buildPhases = (
				C4A199BB297EF26600EAA026 /* Sources */,
				C4A199BC297EF26600EAA026 /* Frameworks */,
				C4A199BD297EF26600EAA026 /* Resources */,
			);
			buildRules = (
			);
			dependencies = (
			);
			name = "Dictionary-SezginCiftci";
			productName = "Dictionary-SezginCiftci";
			productReference = C4A199BF297EF26600EAA026 /* Dictionary-SezginCiftci.app */;
			productType = "com.apple.product-type.application";
		};
/* End PBXNativeTarget section */

/* Begin PBXProject section */
		C4A199B7297EF26600EAA026 /* Project object */ = {
			isa = PBXProject;
			attributes = {
				BuildIndependentTargetsInParallel = 1;
				LastSwiftUpdateCheck = 1340;
				LastUpgradeCheck = 1340;
				TargetAttributes = {
					C4A199BE297EF26600EAA026 = {
						CreatedOnToolsVersion = 13.4.1;
					};
				};
			};
			buildConfigurationList = C4A199BA297EF26600EAA026 /* Build configuration list for PBXProject "Dictionary-SezginCiftci" */;
			compatibilityVersion = "Xcode 13.0";
			developmentRegion = en;
			hasScannedForEncodings = 0;
			knownRegions = (
				en,
				Base,
			);
			mainGroup = C4A199B6297EF26600EAA026;
			productRefGroup = C4A199C0297EF26600EAA026 /* Products */;
			projectDirPath = "";
			projectRoot = "";
			targets = (
				C4A199BE297EF26600EAA026 /* Dictionary-SezginCiftci */,
			);
		};
/* End PBXProject section */

/* Begin PBXResourcesBuildPhase section */
		C4A199BD297EF26600EAA026 /* Resources */ = {
			isa = PBXResourcesBuildPhase;
			buildActionMask = 2147483647;
			files = (
				C4A199CF297EF26600EAA026 /* LaunchScreen.storyboard in Resources */,
				C4F86524297FB6BE008F1552 /* DetailTableHeaderView.xib in Resources */,
				C4A199CC297EF26600EAA026 /* Assets.xcassets in Resources */,
				C4F86529297FC0C1008F1552 /* FooterCollectionViewCell.xib in Resources */,
				C4A199CA297EF26600EAA026 /* Main.storyboard in Resources */,
				C4F86526297FB961008F1552 /* DetailTableFooterView.xib in Resources */,
				C4F86533297FEE12008F1552 /* HeaderDismissFilterCell.xib in Resources */,
				C461CB7529805F54007F360A /* DetailCollectionViewCell.xib in Resources */,
			);
			runOnlyForDeploymentPostprocessing = 0;
		};
/* End PBXResourcesBuildPhase section */

/* Begin PBXSourcesBuildPhase section */
		C4A199BB297EF26600EAA026 /* Sources */ = {
			isa = PBXSourcesBuildPhase;
			buildActionMask = 2147483647;
			files = (
				C4FB1DD229818A1200E09364 /* UIViewController+Extension.swift in Sources */,
				C4FB1DD92981B88500E09364 /* DetailHeaderViewModel.swift in Sources */,
				C461CB73298044E3007F360A /* DetailCollectionViewCell.swift in Sources */,
				C4FB1DD42981B6B000E09364 /* ApiConstants.swift in Sources */,
				C4A199D7297F046600EAA026 /* RecentSearchTableViewCell.swift in Sources */,
				C4F8651F297FB586008F1552 /* DetailTableFooterView.swift in Sources */,
				C4F86531297FEDF5008F1552 /* HeaderDismissFilterCell.swift in Sources */,
				C461CB782980691E007F360A /* WebService.swift in Sources */,
				C4FB1DCF298187AF00E09364 /* Optional+Extension.swift in Sources */,
				C461CB7D29806ED6007F360A /* SynonymResultModel.swift in Sources */,
				C4A199C7297EF26600EAA026 /* SearchViewController.swift in Sources */,
				C4FB1DD72981B78300E09364 /* CollectionViewHeightHelper.swift in Sources */,
				C4A199D9297F267D00EAA026 /* DetailViewController.swift in Sources */,
				C461CB8129806F74007F360A /* SearchViewModel.swift in Sources */,
				C4A199C3297EF26600EAA026 /* AppDelegate.swift in Sources */,
				C461CB8529808E51007F360A /* SynonymListModel.swift in Sources */,
				C461CB7A29806944007F360A /* SearchResultModel.swift in Sources */,
				C4F86521297FB5AB008F1552 /* DetailTableHeaderView.swift in Sources */,
				C4A199C5297EF26600EAA026 /* SceneDelegate.swift in Sources */,
				C4FB1DDB2981B93500E09364 /* DetailCollectionCellViewModel.swift in Sources */,
				C461CB83298077A7007F360A /* DetailListViewModel.swift in Sources */,
				C4F8652B297FC170008F1552 /* FooterCollectionViewCell.swift in Sources */,
			);
			runOnlyForDeploymentPostprocessing = 0;
		};
/* End PBXSourcesBuildPhase section */

/* Begin PBXVariantGroup section */
		C4A199C8297EF26600EAA026 /* Main.storyboard */ = {
			isa = PBXVariantGroup;
			children = (
				C4A199C9297EF26600EAA026 /* Base */,
			);
			name = Main.storyboard;
			sourceTree = "<group>";
		};
		C4A199CD297EF26600EAA026 /* LaunchScreen.storyboard */ = {
			isa = PBXVariantGroup;
			children = (
				C4A199CE297EF26600EAA026 /* Base */,
			);
			name = LaunchScreen.storyboard;
			sourceTree = "<group>";
		};
/* End PBXVariantGroup section */

/* Begin XCBuildConfiguration section */
		C4A199D1297EF26600EAA026 /* Debug */ = {
			isa = XCBuildConfiguration;
			buildSettings = {
				ALWAYS_SEARCH_USER_PATHS = NO;
				CLANG_ANALYZER_NONNULL = YES;
				CLANG_ANALYZER_NUMBER_OBJECT_CONVERSION = YES_AGGRESSIVE;
				CLANG_CXX_LANGUAGE_STANDARD = "gnu++17";
				CLANG_ENABLE_MODULES = YES;
				CLANG_ENABLE_OBJC_ARC = YES;
				CLANG_ENABLE_OBJC_WEAK = YES;
				CLANG_WARN_BLOCK_CAPTURE_AUTORELEASING = YES;
				CLANG_WARN_BOOL_CONVERSION = YES;
				CLANG_WARN_COMMA = YES;
				CLANG_WARN_CONSTANT_CONVERSION = YES;
				CLANG_WARN_DEPRECATED_OBJC_IMPLEMENTATIONS = YES;
				CLANG_WARN_DIRECT_OBJC_ISA_USAGE = YES_ERROR;
				CLANG_WARN_DOCUMENTATION_COMMENTS = YES;
				CLANG_WARN_EMPTY_BODY = YES;
				CLANG_WARN_ENUM_CONVERSION = YES;
				CLANG_WARN_INFINITE_RECURSION = YES;
				CLANG_WARN_INT_CONVERSION = YES;
				CLANG_WARN_NON_LITERAL_NULL_CONVERSION = YES;
				CLANG_WARN_OBJC_IMPLICIT_RETAIN_SELF = YES;
				CLANG_WARN_OBJC_LITERAL_CONVERSION = YES;
				CLANG_WARN_OBJC_ROOT_CLASS = YES_ERROR;
				CLANG_WARN_QUOTED_INCLUDE_IN_FRAMEWORK_HEADER = YES;
				CLANG_WARN_RANGE_LOOP_ANALYSIS = YES;
				CLANG_WARN_STRICT_PROTOTYPES = YES;
				CLANG_WARN_SUSPICIOUS_MOVE = YES;
				CLANG_WARN_UNGUARDED_AVAILABILITY = YES_AGGRESSIVE;
				CLANG_WARN_UNREACHABLE_CODE = YES;
				CLANG_WARN__DUPLICATE_METHOD_MATCH = YES;
				COPY_PHASE_STRIP = NO;
				DEBUG_INFORMATION_FORMAT = dwarf;
				ENABLE_STRICT_OBJC_MSGSEND = YES;
				ENABLE_TESTABILITY = YES;
				GCC_C_LANGUAGE_STANDARD = gnu11;
				GCC_DYNAMIC_NO_PIC = NO;
				GCC_NO_COMMON_BLOCKS = YES;
				GCC_OPTIMIZATION_LEVEL = 0;
				GCC_PREPROCESSOR_DEFINITIONS = (
					"DEBUG=1",
					"$(inherited)",
				);
				GCC_WARN_64_TO_32_BIT_CONVERSION = YES;
				GCC_WARN_ABOUT_RETURN_TYPE = YES_ERROR;
				GCC_WARN_UNDECLARED_SELECTOR = YES;
				GCC_WARN_UNINITIALIZED_AUTOS = YES_AGGRESSIVE;
				GCC_WARN_UNUSED_FUNCTION = YES;
				GCC_WARN_UNUSED_VARIABLE = YES;
				IPHONEOS_DEPLOYMENT_TARGET = 15.5;
				MTL_ENABLE_DEBUG_INFO = INCLUDE_SOURCE;
				MTL_FAST_MATH = YES;
				ONLY_ACTIVE_ARCH = YES;
				SDKROOT = iphoneos;
				SWIFT_ACTIVE_COMPILATION_CONDITIONS = DEBUG;
				SWIFT_OPTIMIZATION_LEVEL = "-Onone";
			};
			name = Debug;
		};
		C4A199D2297EF26600EAA026 /* Release */ = {
			isa = XCBuildConfiguration;
			buildSettings = {
				ALWAYS_SEARCH_USER_PATHS = NO;
				CLANG_ANALYZER_NONNULL = YES;
				CLANG_ANALYZER_NUMBER_OBJECT_CONVERSION = YES_AGGRESSIVE;
				CLANG_CXX_LANGUAGE_STANDARD = "gnu++17";
				CLANG_ENABLE_MODULES = YES;
				CLANG_ENABLE_OBJC_ARC = YES;
				CLANG_ENABLE_OBJC_WEAK = YES;
				CLANG_WARN_BLOCK_CAPTURE_AUTORELEASING = YES;
				CLANG_WARN_BOOL_CONVERSION = YES;
				CLANG_WARN_COMMA = YES;
				CLANG_WARN_CONSTANT_CONVERSION = YES;
				CLANG_WARN_DEPRECATED_OBJC_IMPLEMENTATIONS = YES;
				CLANG_WARN_DIRECT_OBJC_ISA_USAGE = YES_ERROR;
				CLANG_WARN_DOCUMENTATION_COMMENTS = YES;
				CLANG_WARN_EMPTY_BODY = YES;
				CLANG_WARN_ENUM_CONVERSION = YES;
				CLANG_WARN_INFINITE_RECURSION = YES;
				CLANG_WARN_INT_CONVERSION = YES;
				CLANG_WARN_NON_LITERAL_NULL_CONVERSION = YES;
				CLANG_WARN_OBJC_IMPLICIT_RETAIN_SELF = YES;
				CLANG_WARN_OBJC_LITERAL_CONVERSION = YES;
				CLANG_WARN_OBJC_ROOT_CLASS = YES_ERROR;
				CLANG_WARN_QUOTED_INCLUDE_IN_FRAMEWORK_HEADER = YES;
				CLANG_WARN_RANGE_LOOP_ANALYSIS = YES;
				CLANG_WARN_STRICT_PROTOTYPES = YES;
				CLANG_WARN_SUSPICIOUS_MOVE = YES;
				CLANG_WARN_UNGUARDED_AVAILABILITY = YES_AGGRESSIVE;
				CLANG_WARN_UNREACHABLE_CODE = YES;
				CLANG_WARN__DUPLICATE_METHOD_MATCH = YES;
				COPY_PHASE_STRIP = NO;
				DEBUG_INFORMATION_FORMAT = "dwarf-with-dsym";
				ENABLE_NS_ASSERTIONS = NO;
				ENABLE_STRICT_OBJC_MSGSEND = YES;
				GCC_C_LANGUAGE_STANDARD = gnu11;
				GCC_NO_COMMON_BLOCKS = YES;
				GCC_WARN_64_TO_32_BIT_CONVERSION = YES;
				GCC_WARN_ABOUT_RETURN_TYPE = YES_ERROR;
				GCC_WARN_UNDECLARED_SELECTOR = YES;
				GCC_WARN_UNINITIALIZED_AUTOS = YES_AGGRESSIVE;
				GCC_WARN_UNUSED_FUNCTION = YES;
				GCC_WARN_UNUSED_VARIABLE = YES;
				IPHONEOS_DEPLOYMENT_TARGET = 15.5;
				MTL_ENABLE_DEBUG_INFO = NO;
				MTL_FAST_MATH = YES;
				SDKROOT = iphoneos;
				SWIFT_COMPILATION_MODE = wholemodule;
				SWIFT_OPTIMIZATION_LEVEL = "-O";
				VALIDATE_PRODUCT = YES;
			};
			name = Release;
		};
		C4A199D4297EF26600EAA026 /* Debug */ = {
			isa = XCBuildConfiguration;
			buildSettings = {
				ASSETCATALOG_COMPILER_APPICON_NAME = AppIcon;
				ASSETCATALOG_COMPILER_GLOBAL_ACCENT_COLOR_NAME = AccentColor;
				CODE_SIGN_STYLE = Automatic;
				CURRENT_PROJECT_VERSION = 1;
				DEVELOPMENT_TEAM = 2K6R4XFXZB;
				GENERATE_INFOPLIST_FILE = YES;
				INFOPLIST_FILE = "Dictionary-SezginCiftci/Info.plist";
				INFOPLIST_KEY_UIApplicationSupportsIndirectInputEvents = YES;
				INFOPLIST_KEY_UILaunchStoryboardName = LaunchScreen;
				INFOPLIST_KEY_UIMainStoryboardFile = Main;
				INFOPLIST_KEY_UISupportedInterfaceOrientations = UIInterfaceOrientationPortrait;
				INFOPLIST_KEY_UISupportedInterfaceOrientations_iPad = "UIInterfaceOrientationPortrait UIInterfaceOrientationPortraitUpsideDown";
				INFOPLIST_KEY_UISupportedInterfaceOrientations_iPhone = UIInterfaceOrientationPortrait;
				INFOPLIST_KEY_UIUserInterfaceStyle = Light;
				LD_RUNPATH_SEARCH_PATHS = (
					"$(inherited)",
					"@executable_path/Frameworks",
				);
				MARKETING_VERSION = 1.0;
				PRODUCT_BUNDLE_IDENTIFIER = "SezginCiftci.Dictionary-SezginCiftci";
				PRODUCT_NAME = "$(TARGET_NAME)";
				SWIFT_EMIT_LOC_STRINGS = YES;
				SWIFT_VERSION = 5.0;
				TARGETED_DEVICE_FAMILY = "1,2";
			};
			name = Debug;
		};
		C4A199D5297EF26600EAA026 /* Release */ = {
			isa = XCBuildConfiguration;
			buildSettings = {
				ASSETCATALOG_COMPILER_APPICON_NAME = AppIcon;
				ASSETCATALOG_COMPILER_GLOBAL_ACCENT_COLOR_NAME = AccentColor;
				CODE_SIGN_STYLE = Automatic;
				CURRENT_PROJECT_VERSION = 1;
				DEVELOPMENT_TEAM = 2K6R4XFXZB;
				GENERATE_INFOPLIST_FILE = YES;
				INFOPLIST_FILE = "Dictionary-SezginCiftci/Info.plist";
				INFOPLIST_KEY_UIApplicationSupportsIndirectInputEvents = YES;
				INFOPLIST_KEY_UILaunchStoryboardName = LaunchScreen;
				INFOPLIST_KEY_UIMainStoryboardFile = Main;
				INFOPLIST_KEY_UISupportedInterfaceOrientations = UIInterfaceOrientationPortrait;
				INFOPLIST_KEY_UISupportedInterfaceOrientations_iPad = "UIInterfaceOrientationPortrait UIInterfaceOrientationPortraitUpsideDown";
				INFOPLIST_KEY_UISupportedInterfaceOrientations_iPhone = UIInterfaceOrientationPortrait;
				INFOPLIST_KEY_UIUserInterfaceStyle = Light;
				LD_RUNPATH_SEARCH_PATHS = (
					"$(inherited)",
					"@executable_path/Frameworks",
				);
				MARKETING_VERSION = 1.0;
				PRODUCT_BUNDLE_IDENTIFIER = "SezginCiftci.Dictionary-SezginCiftci";
				PRODUCT_NAME = "$(TARGET_NAME)";
				SWIFT_EMIT_LOC_STRINGS = YES;
				SWIFT_VERSION = 5.0;
				TARGETED_DEVICE_FAMILY = "1,2";
			};
			name = Release;
		};
/* End XCBuildConfiguration section */

/* Begin XCConfigurationList section */
		C4A199BA297EF26600EAA026 /* Build configuration list for PBXProject "Dictionary-SezginCiftci" */ = {
			isa = XCConfigurationList;
			buildConfigurations = (
				C4A199D1297EF26600EAA026 /* Debug */,
				C4A199D2297EF26600EAA026 /* Release */,
			);
			defaultConfigurationIsVisible = 0;
			defaultConfigurationName = Release;
		};
		C4A199D3297EF26600EAA026 /* Build configuration list for PBXNativeTarget "Dictionary-SezginCiftci" */ = {
			isa = XCConfigurationList;
			buildConfigurations = (
				C4A199D4297EF26600EAA026 /* Debug */,
				C4A199D5297EF26600EAA026 /* Release */,
			);
			defaultConfigurationIsVisible = 0;
			defaultConfigurationName = Release;
		};
/* End XCConfigurationList section */
	};
	rootObject = C4A199B7297EF26600EAA026 /* Project object */;
}
